
Microsoft Visual Studio Solution File, Format Version 12.00
# Visual Studio Version 17
VisualStudioVersion = 17.4.33403.182
MinimumVisualStudioVersion = 10.0.40219.1
Project("{9A19103F-16F7-4668-BE54-9A1E7A4F7556}") = "AWSLambdaSAM", "AWSLambdaSAM.csproj", "{48564F0A-5480-4588-88B0-7D0C50AAFFC1}"
EndProject
Global
	GlobalSection(SolutionConfigurationPlatforms) = preSolution
		Debug|Any CPU = Debug|Any CPU
		Release|Any CPU = Release|Any CPU
	EndGlobalSection
	GlobalSection(ProjectConfigurationPlatforms) = postSolution
		{48564F0A-5480-4588-88B0-7D0C50AAFFC1}.Debug|Any CPU.ActiveCfg = Debug|Any CPU
		{48564F0A-5480-4588-88B0-7D0C50AAFFC1}.Debug|Any CPU.Build.0 = Debug|Any CPU
		{48564F0A-5480-4588-88B0-7D0C50AAFFC1}.Release|Any CPU.ActiveCfg = Release|Any CPU
		{48564F0A-5480-4588-88B0-7D0C50AAFFC1}.Release|Any CPU.Build.0 = Release|Any CPU
	EndGlobalSection
	GlobalSection(SolutionProperties) = preSolution
		HideSolutionNode = FALSE
	EndGlobalSection
	GlobalSection(ExtensibilityGlobals) = postSolution
		SolutionGuid = {45D7F607-6702-446A-AC7B-077E9BF587DA}
	EndGlobalSection
EndGlobal
